
Microsoft Visual Studio Solution File, Format Version 12.00
# Visual Studio Version 17
VisualStudioVersion = 17.0.31903.59
MinimumVisualStudioVersion = 10.0.40219.1
Project("{2150E333-8FDC-42A3-9474-1A3956D46DE8}") = "Services", "Services", "{ED3176C5-7F63-428D-BAA0-84608A2E3E7C}"
	ProjectSection(SolutionItems) = preProject
		Commands.cs = Commands.cs
	EndProjectSection
EndProject
Project("{2150E333-8FDC-42A3-9474-1A3956D46DE8}") = "Catalog", "Catalog", "{D53262E7-8904-4DA3-A64F-BE360547D5F8}"
EndProject
Project("{9A19103F-16F7-4668-BE54-9A1E7A4F7556}") = "Catalog.Api", "Services\Catalog\Catalog.Api\Catalog.Api.csproj", "{45268EFD-6971-4A57-8D31-E8DFE1574690}"
EndProject
Project("{E53339B2-1760-4266-BCC7-CA923CBCF16C}") = "docker-compose", "docker-compose.dcproj", "{E22F5595-59C1-417D-8022-DEF49F586E79}"
EndProject
Project("{2150E333-8FDC-42A3-9474-1A3956D46DE8}") = "Basket", "Basket", "{E55B8904-5521-4400-9AC6-6E749F722B85}"
EndProject
Project("{9A19103F-16F7-4668-BE54-9A1E7A4F7556}") = "Basket.Api", "Services\Basket\Basket.Api\Basket.Api.csproj", "{EBEA65FB-4D15-4326-AB97-C698C684799B}"
EndProject
Project("{2150E333-8FDC-42A3-9474-1A3956D46DE8}") = "Discount", "Discount", "{184D0BBC-D019-425E-B59D-6C5337A5C3E3}"
EndProject
Project("{9A19103F-16F7-4668-BE54-9A1E7A4F7556}") = "Discount.Api", "Services\Discount\Discount.Api\Discount.Api.csproj", "{6BB7DD36-31E0-4200-90DC-B97AF4A7D714}"
EndProject
Project("{9A19103F-16F7-4668-BE54-9A1E7A4F7556}") = "Discount.Grpc", "Services\Discount\Discount.Grpc\Discount.Grpc.csproj", "{8A7DB373-4306-40C9-BAEE-B07BC020E324}"
EndProject
Project("{2150E333-8FDC-42A3-9474-1A3956D46DE8}") = "Ordering", "Ordering", "{39D8E5E6-D828-4AC3-91E4-9A10A4ABCF98}"
EndProject
Project("{9A19103F-16F7-4668-BE54-9A1E7A4F7556}") = "Ordering.Api", "Services\Ordering\Ordering.Api\Ordering.Api.csproj", "{22A6EC72-C533-4F97-AEE0-25A1C0F7848A}"
	ProjectSection(ProjectDependencies) = postProject
		{864D4A7C-43DD-4C6E-90C9-092FE3849169} = {864D4A7C-43DD-4C6E-90C9-092FE3849169}
		{0EFA5ECE-C0E8-4914-9F25-E2804D17D946} = {0EFA5ECE-C0E8-4914-9F25-E2804D17D946}
		{0813C5E4-8EBA-44B1-9A71-69F2CAB29911} = {0813C5E4-8EBA-44B1-9A71-69F2CAB29911}
	EndProjectSection
EndProject
Project("{9A19103F-16F7-4668-BE54-9A1E7A4F7556}") = "Ordering.Domain", "Services\Ordering\Ordering.Domain\Ordering.Domain.csproj", "{0EFA5ECE-C0E8-4914-9F25-E2804D17D946}"
EndProject
Project("{9A19103F-16F7-4668-BE54-9A1E7A4F7556}") = "Ordering.Application", "Services\Ordering\Ordering.Application\Ordering.Application.csproj", "{0813C5E4-8EBA-44B1-9A71-69F2CAB29911}"
EndProject
Project("{9A19103F-16F7-4668-BE54-9A1E7A4F7556}") = "Ordering.Infrastructure", "Services\Ordering\Ordering.Infrastructure\Ordering.Infrastructure.csproj", "{864D4A7C-43DD-4C6E-90C9-092FE3849169}"
EndProject
Project("{2150E333-8FDC-42A3-9474-1A3956D46DE8}") = "BuildingBlocks", "BuildingBlocks", "{BABCC11E-C199-4F23-833E-4380EFB854F8}"
EndProject
Project("{FAE04EC0-301F-11D3-BF4B-00C04F79EFBC}") = "EventBus.Messages", "BuildingBlocks\EventBus.Messages\EventBus.Messages.csproj", "{9F3B752B-3DDF-4C16-BE47-0591D568DC1E}"
EndProject
Global
	GlobalSection(SolutionConfigurationPlatforms) = preSolution
		Debug|Any CPU = Debug|Any CPU
		Release|Any CPU = Release|Any CPU
	EndGlobalSection
	GlobalSection(ProjectConfigurationPlatforms) = postSolution
		{45268EFD-6971-4A57-8D31-E8DFE1574690}.Debug|Any CPU.ActiveCfg = Debug|Any CPU
		{45268EFD-6971-4A57-8D31-E8DFE1574690}.Debug|Any CPU.Build.0 = Debug|Any CPU
		{45268EFD-6971-4A57-8D31-E8DFE1574690}.Release|Any CPU.ActiveCfg = Release|Any CPU
		{45268EFD-6971-4A57-8D31-E8DFE1574690}.Release|Any CPU.Build.0 = Release|Any CPU
		{E22F5595-59C1-417D-8022-DEF49F586E79}.Debug|Any CPU.ActiveCfg = Debug|Any CPU
		{E22F5595-59C1-417D-8022-DEF49F586E79}.Debug|Any CPU.Build.0 = Debug|Any CPU
		{E22F5595-59C1-417D-8022-DEF49F586E79}.Release|Any CPU.ActiveCfg = Release|Any CPU
		{E22F5595-59C1-417D-8022-DEF49F586E79}.Release|Any CPU.Build.0 = Release|Any CPU
		{EBEA65FB-4D15-4326-AB97-C698C684799B}.Debug|Any CPU.ActiveCfg = Debug|Any CPU
		{EBEA65FB-4D15-4326-AB97-C698C684799B}.Debug|Any CPU.Build.0 = Debug|Any CPU
		{EBEA65FB-4D15-4326-AB97-C698C684799B}.Release|Any CPU.ActiveCfg = Release|Any CPU
		{EBEA65FB-4D15-4326-AB97-C698C684799B}.Release|Any CPU.Build.0 = Release|Any CPU
		{6BB7DD36-31E0-4200-90DC-B97AF4A7D714}.Debug|Any CPU.ActiveCfg = Debug|Any CPU
		{6BB7DD36-31E0-4200-90DC-B97AF4A7D714}.Debug|Any CPU.Build.0 = Debug|Any CPU
		{6BB7DD36-31E0-4200-90DC-B97AF4A7D714}.Release|Any CPU.ActiveCfg = Release|Any CPU
		{6BB7DD36-31E0-4200-90DC-B97AF4A7D714}.Release|Any CPU.Build.0 = Release|Any CPU
		{8A7DB373-4306-40C9-BAEE-B07BC020E324}.Debug|Any CPU.ActiveCfg = Debug|Any CPU
		{8A7DB373-4306-40C9-BAEE-B07BC020E324}.Debug|Any CPU.Build.0 = Debug|Any CPU
		{8A7DB373-4306-40C9-BAEE-B07BC020E324}.Release|Any CPU.ActiveCfg = Release|Any CPU
		{8A7DB373-4306-40C9-BAEE-B07BC020E324}.Release|Any CPU.Build.0 = Release|Any CPU
		{22A6EC72-C533-4F97-AEE0-25A1C0F7848A}.Debug|Any CPU.ActiveCfg = Debug|Any CPU
		{22A6EC72-C533-4F97-AEE0-25A1C0F7848A}.Debug|Any CPU.Build.0 = Debug|Any CPU
		{22A6EC72-C533-4F97-AEE0-25A1C0F7848A}.Release|Any CPU.ActiveCfg = Release|Any CPU
		{22A6EC72-C533-4F97-AEE0-25A1C0F7848A}.Release|Any CPU.Build.0 = Release|Any CPU
		{0EFA5ECE-C0E8-4914-9F25-E2804D17D946}.Debug|Any CPU.ActiveCfg = Debug|Any CPU
		{0EFA5ECE-C0E8-4914-9F25-E2804D17D946}.Debug|Any CPU.Build.0 = Debug|Any CPU
		{0EFA5ECE-C0E8-4914-9F25-E2804D17D946}.Release|Any CPU.ActiveCfg = Release|Any CPU
		{0EFA5ECE-C0E8-4914-9F25-E2804D17D946}.Release|Any CPU.Build.0 = Release|Any CPU
		{0813C5E4-8EBA-44B1-9A71-69F2CAB29911}.Debug|Any CPU.ActiveCfg = Debug|Any CPU
		{0813C5E4-8EBA-44B1-9A71-69F2CAB29911}.Debug|Any CPU.Build.0 = Debug|Any CPU
		{0813C5E4-8EBA-44B1-9A71-69F2CAB29911}.Release|Any CPU.ActiveCfg = Release|Any CPU
		{0813C5E4-8EBA-44B1-9A71-69F2CAB29911}.Release|Any CPU.Build.0 = Release|Any CPU
		{864D4A7C-43DD-4C6E-90C9-092FE3849169}.Debug|Any CPU.ActiveCfg = Debug|Any CPU
		{864D4A7C-43DD-4C6E-90C9-092FE3849169}.Debug|Any CPU.Build.0 = Debug|Any CPU
		{864D4A7C-43DD-4C6E-90C9-092FE3849169}.Release|Any CPU.ActiveCfg = Release|Any CPU
		{864D4A7C-43DD-4C6E-90C9-092FE3849169}.Release|Any CPU.Build.0 = Release|Any CPU
		{9F3B752B-3DDF-4C16-BE47-0591D568DC1E}.Debug|Any CPU.ActiveCfg = Debug|Any CPU
		{9F3B752B-3DDF-4C16-BE47-0591D568DC1E}.Debug|Any CPU.Build.0 = Debug|Any CPU
		{9F3B752B-3DDF-4C16-BE47-0591D568DC1E}.Release|Any CPU.ActiveCfg = Release|Any CPU
		{9F3B752B-3DDF-4C16-BE47-0591D568DC1E}.Release|Any CPU.Build.0 = Release|Any CPU
	EndGlobalSection
	GlobalSection(SolutionProperties) = preSolution
		HideSolutionNode = FALSE
	EndGlobalSection
	GlobalSection(NestedProjects) = preSolution
		{D53262E7-8904-4DA3-A64F-BE360547D5F8} = {ED3176C5-7F63-428D-BAA0-84608A2E3E7C}
		{45268EFD-6971-4A57-8D31-E8DFE1574690} = {D53262E7-8904-4DA3-A64F-BE360547D5F8}
		{E55B8904-5521-4400-9AC6-6E749F722B85} = {ED3176C5-7F63-428D-BAA0-84608A2E3E7C}
		{EBEA65FB-4D15-4326-AB97-C698C684799B} = {E55B8904-5521-4400-9AC6-6E749F722B85}
		{184D0BBC-D019-425E-B59D-6C5337A5C3E3} = {ED3176C5-7F63-428D-BAA0-84608A2E3E7C}
		{6BB7DD36-31E0-4200-90DC-B97AF4A7D714} = {184D0BBC-D019-425E-B59D-6C5337A5C3E3}
		{8A7DB373-4306-40C9-BAEE-B07BC020E324} = {184D0BBC-D019-425E-B59D-6C5337A5C3E3}
		{39D8E5E6-D828-4AC3-91E4-9A10A4ABCF98} = {ED3176C5-7F63-428D-BAA0-84608A2E3E7C}
		{22A6EC72-C533-4F97-AEE0-25A1C0F7848A} = {39D8E5E6-D828-4AC3-91E4-9A10A4ABCF98}
		{0EFA5ECE-C0E8-4914-9F25-E2804D17D946} = {39D8E5E6-D828-4AC3-91E4-9A10A4ABCF98}
		{0813C5E4-8EBA-44B1-9A71-69F2CAB29911} = {39D8E5E6-D828-4AC3-91E4-9A10A4ABCF98}
		{864D4A7C-43DD-4C6E-90C9-092FE3849169} = {39D8E5E6-D828-4AC3-91E4-9A10A4ABCF98}
		{9F3B752B-3DDF-4C16-BE47-0591D568DC1E} = {BABCC11E-C199-4F23-833E-4380EFB854F8}
	EndGlobalSection
	GlobalSection(ExtensibilityGlobals) = postSolution
		SolutionGuid = {1E97A1F5-6EC3-4708-B5F9-0F44FD55998D}
	EndGlobalSection
EndGlobal
